// !$*UTF8*$!
{
	archiveVersion = 1;
	classes = {
	};
	objectVersion = 56;
	objects = {

/* Begin PBXBuildFile section */
		1A57D2D52A90A1F300FF698F /* WatchHealthRL Watch App.app in Embed Watch Content */ = {isa = PBXBuildFile; fileRef = 1A57D2D42A90A1F300FF698F /* WatchHealthRL Watch App.app */; settings = {ATTRIBUTES = (RemoveHeadersOnCopy, ); }; };
		1A57D2DA2A90A1F300FF698F /* WatchHealthRLApp.swift in Sources */ = {isa = PBXBuildFile; fileRef = 1A57D2D92A90A1F300FF698F /* WatchHealthRLApp.swift */; };
		1A57D2DC2A90A1F300FF698F /* MainView.swift in Sources */ = {isa = PBXBuildFile; fileRef = 1A57D2DB2A90A1F300FF698F /* MainView.swift */; };
		1A57D2DE2A90A1F400FF698F /* Assets.xcassets in Resources */ = {isa = PBXBuildFile; fileRef = 1A57D2DD2A90A1F400FF698F /* Assets.xcassets */; };
		1A57D2E12A90A1F400FF698F /* Preview Assets.xcassets in Resources */ = {isa = PBXBuildFile; fileRef = 1A57D2E02A90A1F400FF698F /* Preview Assets.xcassets */; };
		1A57D2EB2A90A1F400FF698F /* WatchHealthRL_Watch_AppTests.swift in Sources */ = {isa = PBXBuildFile; fileRef = 1A57D2EA2A90A1F400FF698F /* WatchHealthRL_Watch_AppTests.swift */; };
		1A57D2F52A90A1F400FF698F /* WatchHealthRL_Watch_AppUITests.swift in Sources */ = {isa = PBXBuildFile; fileRef = 1A57D2F42A90A1F400FF698F /* WatchHealthRL_Watch_AppUITests.swift */; };
		1A57D2F72A90A1F400FF698F /* WatchHealthRL_Watch_AppUITestsLaunchTests.swift in Sources */ = {isa = PBXBuildFile; fileRef = 1A57D2F62A90A1F400FF698F /* WatchHealthRL_Watch_AppUITestsLaunchTests.swift */; };
		1A57D3082A90A22600FF698F /* MoodUpdateView.swift in Sources */ = {isa = PBXBuildFile; fileRef = 1A57D3072A90A22600FF698F /* MoodUpdateView.swift */; };
		1A57D30A2A90A24500FF698F /* TrainModelView.swift in Sources */ = {isa = PBXBuildFile; fileRef = 1A57D3092A90A24500FF698F /* TrainModelView.swift */; };
		1A57D30C2A90A26400FF698F /* MoodUpdate.swift in Sources */ = {isa = PBXBuildFile; fileRef = 1A57D30B2A90A26400FF698F /* MoodUpdate.swift */; };
		1ACBB12F2A917C4C00E4F534 /* Realm in Frameworks */ = {isa = PBXBuildFile; productRef = 1ACBB12E2A917C4C00E4F534 /* Realm */; };
		1ACBB1312A917C4C00E4F534 /* RealmSwift in Frameworks */ = {isa = PBXBuildFile; productRef = 1ACBB1302A917C4C00E4F534 /* RealmSwift */; };
		D798853E2AB13D3A0000881D /* SavedMoodManager.swift in Sources */ = {isa = PBXBuildFile; fileRef = D798853D2AB13D3A0000881D /* SavedMoodManager.swift */; };
		D79885402AB13D540000881D /* DataManager.swift in Sources */ = {isa = PBXBuildFile; fileRef = D798853F2AB13D540000881D /* DataManager.swift */; };
		D79885422AB13D620000881D /* InferenceManager.swift in Sources */ = {isa = PBXBuildFile; fileRef = D79885412AB13D620000881D /* InferenceManager.swift */; };
		D79885452AB15DA80000881D /* Algorithms in Frameworks */ = {isa = PBXBuildFile; productRef = D79885442AB15DA80000881D /* Algorithms */; };
		D79B53DE2AB1272200BDDF2A /* SigmaSwiftStatistics in Frameworks */ = {isa = PBXBuildFile; productRef = D79B53DD2AB1272200BDDF2A /* SigmaSwiftStatistics */; };
		D7C460702AA92F9C00561E68 /* bpmUpdate.swift in Sources */ = {isa = PBXBuildFile; fileRef = D7C4606F2AA92F9B00561E68 /* bpmUpdate.swift */; };
/* End PBXBuildFile section */

/* Begin PBXContainerItemProxy section */
		1A57D2D62A90A1F300FF698F /* PBXContainerItemProxy */ = {
			isa = PBXContainerItemProxy;
			containerPortal = 1A57D2C82A90A1F300FF698F /* Project object */;
			proxyType = 1;
			remoteGlobalIDString = 1A57D2D32A90A1F300FF698F;
			remoteInfo = "WatchHealthRL Watch App";
		};
		1A57D2E72A90A1F400FF698F /* PBXContainerItemProxy */ = {
			isa = PBXContainerItemProxy;
			containerPortal = 1A57D2C82A90A1F300FF698F /* Project object */;
			proxyType = 1;
			remoteGlobalIDString = 1A57D2D32A90A1F300FF698F;
			remoteInfo = "WatchHealthRL Watch App";
		};
		1A57D2F12A90A1F400FF698F /* PBXContainerItemProxy */ = {
			isa = PBXContainerItemProxy;
			containerPortal = 1A57D2C82A90A1F300FF698F /* Project object */;
			proxyType = 1;
			remoteGlobalIDString = 1A57D2D32A90A1F300FF698F;
			remoteInfo = "WatchHealthRL Watch App";
		};
/* End PBXContainerItemProxy section */

/* Begin PBXCopyFilesBuildPhase section */
		1A57D2FD2A90A1F400FF698F /* Embed Watch Content */ = {
			isa = PBXCopyFilesBuildPhase;
			buildActionMask = 2147483647;
			dstPath = "$(CONTENTS_FOLDER_PATH)/Watch";
			dstSubfolderSpec = 16;
			files = (
				1A57D2D52A90A1F300FF698F /* WatchHealthRL Watch App.app in Embed Watch Content */,
			);
			name = "Embed Watch Content";
			runOnlyForDeploymentPostprocessing = 0;
		};
/* End PBXCopyFilesBuildPhase section */

/* Begin PBXFileReference section */
		1A57D2CE2A90A1F300FF698F /* WatchHealthRL.app */ = {isa = PBXFileReference; explicitFileType = wrapper.application; includeInIndex = 0; path = WatchHealthRL.app; sourceTree = BUILT_PRODUCTS_DIR; };
		1A57D2D42A90A1F300FF698F /* WatchHealthRL Watch App.app */ = {isa = PBXFileReference; explicitFileType = wrapper.application; includeInIndex = 0; path = "WatchHealthRL Watch App.app"; sourceTree = BUILT_PRODUCTS_DIR; };
		1A57D2D92A90A1F300FF698F /* WatchHealthRLApp.swift */ = {isa = PBXFileReference; lastKnownFileType = sourcecode.swift; path = WatchHealthRLApp.swift; sourceTree = "<group>"; };
		1A57D2DB2A90A1F300FF698F /* MainView.swift */ = {isa = PBXFileReference; lastKnownFileType = sourcecode.swift; path = MainView.swift; sourceTree = "<group>"; };
		1A57D2DD2A90A1F400FF698F /* Assets.xcassets */ = {isa = PBXFileReference; lastKnownFileType = folder.assetcatalog; path = Assets.xcassets; sourceTree = "<group>"; };
		1A57D2E02A90A1F400FF698F /* Preview Assets.xcassets */ = {isa = PBXFileReference; lastKnownFileType = folder.assetcatalog; path = "Preview Assets.xcassets"; sourceTree = "<group>"; };
		1A57D2E62A90A1F400FF698F /* WatchHealthRL Watch AppTests.xctest */ = {isa = PBXFileReference; explicitFileType = wrapper.cfbundle; includeInIndex = 0; path = "WatchHealthRL Watch AppTests.xctest"; sourceTree = BUILT_PRODUCTS_DIR; };
		1A57D2EA2A90A1F400FF698F /* WatchHealthRL_Watch_AppTests.swift */ = {isa = PBXFileReference; lastKnownFileType = sourcecode.swift; path = WatchHealthRL_Watch_AppTests.swift; sourceTree = "<group>"; };
		1A57D2F02A90A1F400FF698F /* WatchHealthRL Watch AppUITests.xctest */ = {isa = PBXFileReference; explicitFileType = wrapper.cfbundle; includeInIndex = 0; path = "WatchHealthRL Watch AppUITests.xctest"; sourceTree = BUILT_PRODUCTS_DIR; };
		1A57D2F42A90A1F400FF698F /* WatchHealthRL_Watch_AppUITests.swift */ = {isa = PBXFileReference; lastKnownFileType = sourcecode.swift; path = WatchHealthRL_Watch_AppUITests.swift; sourceTree = "<group>"; };
		1A57D2F62A90A1F400FF698F /* WatchHealthRL_Watch_AppUITestsLaunchTests.swift */ = {isa = PBXFileReference; lastKnownFileType = sourcecode.swift; path = WatchHealthRL_Watch_AppUITestsLaunchTests.swift; sourceTree = "<group>"; };
		1A57D3072A90A22600FF698F /* MoodUpdateView.swift */ = {isa = PBXFileReference; lastKnownFileType = sourcecode.swift; path = MoodUpdateView.swift; sourceTree = "<group>"; };
		1A57D3092A90A24500FF698F /* TrainModelView.swift */ = {isa = PBXFileReference; lastKnownFileType = sourcecode.swift; path = TrainModelView.swift; sourceTree = "<group>"; };
		1A57D30B2A90A26400FF698F /* MoodUpdate.swift */ = {isa = PBXFileReference; lastKnownFileType = sourcecode.swift; path = MoodUpdate.swift; sourceTree = "<group>"; };
		1ACBB1342A92E4F300E4F534 /* WatchHealthRL Watch App.entitlements */ = {isa = PBXFileReference; lastKnownFileType = text.plist.entitlements; path = "WatchHealthRL Watch App.entitlements"; sourceTree = "<group>"; };
		1ACBB1352A92E51E00E4F534 /* WatchHealthRL-Watch-App-Info.plist */ = {isa = PBXFileReference; lastKnownFileType = text.plist; path = "WatchHealthRL-Watch-App-Info.plist"; sourceTree = SOURCE_ROOT; };
		D798853D2AB13D3A0000881D /* SavedMoodManager.swift */ = {isa = PBXFileReference; lastKnownFileType = sourcecode.swift; path = SavedMoodManager.swift; sourceTree = "<group>"; };
		D798853F2AB13D540000881D /* DataManager.swift */ = {isa = PBXFileReference; lastKnownFileType = sourcecode.swift; path = DataManager.swift; sourceTree = "<group>"; };
		D79885412AB13D620000881D /* InferenceManager.swift */ = {isa = PBXFileReference; lastKnownFileType = sourcecode.swift; path = InferenceManager.swift; sourceTree = "<group>"; };
		D7C4606F2AA92F9B00561E68 /* bpmUpdate.swift */ = {isa = PBXFileReference; lastKnownFileType = sourcecode.swift; path = bpmUpdate.swift; sourceTree = "<group>"; };
/* End PBXFileReference section */

/* Begin PBXFrameworksBuildPhase section */
		1A57D2D12A90A1F300FF698F /* Frameworks */ = {
			isa = PBXFrameworksBuildPhase;
			buildActionMask = 2147483647;
			files = (
				D79885452AB15DA80000881D /* Algorithms in Frameworks */,
				D79B53DE2AB1272200BDDF2A /* SigmaSwiftStatistics in Frameworks */,
				1ACBB1312A917C4C00E4F534 /* RealmSwift in Frameworks */,
				1ACBB12F2A917C4C00E4F534 /* Realm in Frameworks */,
			);
			runOnlyForDeploymentPostprocessing = 0;
		};
		1A57D2E32A90A1F400FF698F /* Frameworks */ = {
			isa = PBXFrameworksBuildPhase;
			buildActionMask = 2147483647;
			files = (
			);
			runOnlyForDeploymentPostprocessing = 0;
		};
		1A57D2ED2A90A1F400FF698F /* Frameworks */ = {
			isa = PBXFrameworksBuildPhase;
			buildActionMask = 2147483647;
			files = (
			);
			runOnlyForDeploymentPostprocessing = 0;
		};
/* End PBXFrameworksBuildPhase section */

/* Begin PBXGroup section */
		1A57D2C72A90A1F300FF698F = {
			isa = PBXGroup;
			children = (
				1A57D2D82A90A1F300FF698F /* WatchHealthRL Watch App */,
				1A57D2E92A90A1F400FF698F /* WatchHealthRL Watch AppTests */,
				1A57D2F32A90A1F400FF698F /* WatchHealthRL Watch AppUITests */,
				1A57D2CF2A90A1F300FF698F /* Products */,
			);
			sourceTree = "<group>";
		};
		1A57D2CF2A90A1F300FF698F /* Products */ = {
			isa = PBXGroup;
			children = (
				1A57D2CE2A90A1F300FF698F /* WatchHealthRL.app */,
				1A57D2D42A90A1F300FF698F /* WatchHealthRL Watch App.app */,
				1A57D2E62A90A1F400FF698F /* WatchHealthRL Watch AppTests.xctest */,
				1A57D2F02A90A1F400FF698F /* WatchHealthRL Watch AppUITests.xctest */,
			);
			name = Products;
			sourceTree = "<group>";
		};
		1A57D2D82A90A1F300FF698F /* WatchHealthRL Watch App */ = {
			isa = PBXGroup;
			children = (
				D7C460712AA930D100561E68 /* Data */,
				1ACBB1352A92E51E00E4F534 /* WatchHealthRL-Watch-App-Info.plist */,
				1ACBB1342A92E4F300E4F534 /* WatchHealthRL Watch App.entitlements */,
				1A57D2D92A90A1F300FF698F /* WatchHealthRLApp.swift */,
				1A57D2DB2A90A1F300FF698F /* MainView.swift */,
				1A57D3072A90A22600FF698F /* MoodUpdateView.swift */,
				1A57D3092A90A24500FF698F /* TrainModelView.swift */,
				D79B53E12AB13C2000BDDF2A /* Manage */,
				1A57D2DD2A90A1F400FF698F /* Assets.xcassets */,
				1A57D2DF2A90A1F400FF698F /* Preview Content */,
			);
			path = "WatchHealthRL Watch App";
			sourceTree = "<group>";
		};
		1A57D2DF2A90A1F400FF698F /* Preview Content */ = {
			isa = PBXGroup;
			children = (
				1A57D2E02A90A1F400FF698F /* Preview Assets.xcassets */,
			);
			path = "Preview Content";
			sourceTree = "<group>";
		};
		1A57D2E92A90A1F400FF698F /* WatchHealthRL Watch AppTests */ = {
			isa = PBXGroup;
			children = (
				1A57D2EA2A90A1F400FF698F /* WatchHealthRL_Watch_AppTests.swift */,
			);
			path = "WatchHealthRL Watch AppTests";
			sourceTree = "<group>";
		};
		1A57D2F32A90A1F400FF698F /* WatchHealthRL Watch AppUITests */ = {
			isa = PBXGroup;
			children = (
				1A57D2F42A90A1F400FF698F /* WatchHealthRL_Watch_AppUITests.swift */,
				1A57D2F62A90A1F400FF698F /* WatchHealthRL_Watch_AppUITestsLaunchTests.swift */,
			);
			path = "WatchHealthRL Watch AppUITests";
			sourceTree = "<group>";
		};
		D79B53E12AB13C2000BDDF2A /* Manage */ = {
			isa = PBXGroup;
			children = (
				D798853D2AB13D3A0000881D /* SavedMoodManager.swift */,
				D798853F2AB13D540000881D /* DataManager.swift */,
				D79885412AB13D620000881D /* InferenceManager.swift */,
			);
			path = Manage;
			sourceTree = "<group>";
		};
		D7C460712AA930D100561E68 /* Data */ = {
			isa = PBXGroup;
			children = (
				1A57D30B2A90A26400FF698F /* MoodUpdate.swift */,
				D7C4606F2AA92F9B00561E68 /* bpmUpdate.swift */,
			);
			path = Data;
			sourceTree = "<group>";
		};
/* End PBXGroup section */

/* Begin PBXNativeTarget section */
		1A57D2CD2A90A1F300FF698F /* WatchHealthRL */ = {
			isa = PBXNativeTarget;
			buildConfigurationList = 1A57D2FE2A90A1F400FF698F /* Build configuration list for PBXNativeTarget "WatchHealthRL" */;
			buildPhases = (
				1A57D2CC2A90A1F300FF698F /* Resources */,
				1A57D2FD2A90A1F400FF698F /* Embed Watch Content */,
			);
			buildRules = (
			);
			dependencies = (
				1A57D2D72A90A1F300FF698F /* PBXTargetDependency */,
			);
			name = WatchHealthRL;
			productName = WatchHealthRL;
			productReference = 1A57D2CE2A90A1F300FF698F /* WatchHealthRL.app */;
			productType = "com.apple.product-type.application.watchapp2-container";
		};
		1A57D2D32A90A1F300FF698F /* WatchHealthRL Watch App */ = {
			isa = PBXNativeTarget;
			buildConfigurationList = 1A57D2FA2A90A1F400FF698F /* Build configuration list for PBXNativeTarget "WatchHealthRL Watch App" */;
			buildPhases = (
				1A57D2D02A90A1F300FF698F /* Sources */,
				1A57D2D12A90A1F300FF698F /* Frameworks */,
				1A57D2D22A90A1F300FF698F /* Resources */,
			);
			buildRules = (
			);
			dependencies = (
			);
			name = "WatchHealthRL Watch App";
			packageProductDependencies = (
				1ACBB12E2A917C4C00E4F534 /* Realm */,
				1ACBB1302A917C4C00E4F534 /* RealmSwift */,
				D79B53DD2AB1272200BDDF2A /* SigmaSwiftStatistics */,
				D79885442AB15DA80000881D /* Algorithms */,
			);
			productName = "WatchHealthRL Watch App";
			productReference = 1A57D2D42A90A1F300FF698F /* WatchHealthRL Watch App.app */;
			productType = "com.apple.product-type.application";
		};
		1A57D2E52A90A1F400FF698F /* WatchHealthRL Watch AppTests */ = {
			isa = PBXNativeTarget;
			buildConfigurationList = 1A57D3012A90A1F400FF698F /* Build configuration list for PBXNativeTarget "WatchHealthRL Watch AppTests" */;
			buildPhases = (
				1A57D2E22A90A1F400FF698F /* Sources */,
				1A57D2E32A90A1F400FF698F /* Frameworks */,
				1A57D2E42A90A1F400FF698F /* Resources */,
			);
			buildRules = (
			);
			dependencies = (
				1A57D2E82A90A1F400FF698F /* PBXTargetDependency */,
			);
			name = "WatchHealthRL Watch AppTests";
			productName = "WatchHealthRL Watch AppTests";
			productReference = 1A57D2E62A90A1F400FF698F /* WatchHealthRL Watch AppTests.xctest */;
			productType = "com.apple.product-type.bundle.unit-test";
		};
		1A57D2EF2A90A1F400FF698F /* WatchHealthRL Watch AppUITests */ = {
			isa = PBXNativeTarget;
			buildConfigurationList = 1A57D3042A90A1F400FF698F /* Build configuration list for PBXNativeTarget "WatchHealthRL Watch AppUITests" */;
			buildPhases = (
				1A57D2EC2A90A1F400FF698F /* Sources */,
				1A57D2ED2A90A1F400FF698F /* Frameworks */,
				1A57D2EE2A90A1F400FF698F /* Resources */,
			);
			buildRules = (
			);
			dependencies = (
				1A57D2F22A90A1F400FF698F /* PBXTargetDependency */,
			);
			name = "WatchHealthRL Watch AppUITests";
			productName = "WatchHealthRL Watch AppUITests";
			productReference = 1A57D2F02A90A1F400FF698F /* WatchHealthRL Watch AppUITests.xctest */;
			productType = "com.apple.product-type.bundle.ui-testing";
		};
/* End PBXNativeTarget section */

/* Begin PBXProject section */
		1A57D2C82A90A1F300FF698F /* Project object */ = {
			isa = PBXProject;
			attributes = {
				BuildIndependentTargetsInParallel = 1;
				LastSwiftUpdateCheck = 1430;
				LastUpgradeCheck = 1430;
				TargetAttributes = {
					1A57D2CD2A90A1F300FF698F = {
						CreatedOnToolsVersion = 14.3.1;
					};
					1A57D2D32A90A1F300FF698F = {
						CreatedOnToolsVersion = 14.3.1;
					};
					1A57D2E52A90A1F400FF698F = {
						CreatedOnToolsVersion = 14.3.1;
						TestTargetID = 1A57D2D32A90A1F300FF698F;
					};
					1A57D2EF2A90A1F400FF698F = {
						CreatedOnToolsVersion = 14.3.1;
						TestTargetID = 1A57D2D32A90A1F300FF698F;
					};
				};
			};
			buildConfigurationList = 1A57D2CB2A90A1F300FF698F /* Build configuration list for PBXProject "WatchHealthRL" */;
			compatibilityVersion = "Xcode 14.0";
			developmentRegion = en;
			hasScannedForEncodings = 0;
			knownRegions = (
				en,
				Base,
			);
			mainGroup = 1A57D2C72A90A1F300FF698F;
			packageReferences = (
				1ACBB12D2A917C4C00E4F534 /* XCRemoteSwiftPackageReference "realm-swift" */,
				D79B53DC2AB1272200BDDF2A /* XCRemoteSwiftPackageReference "SigmaSwiftStatistics" */,
				D79885432AB15DA80000881D /* XCRemoteSwiftPackageReference "swift-algorithms" */,
			);
			productRefGroup = 1A57D2CF2A90A1F300FF698F /* Products */;
			projectDirPath = "";
			projectRoot = "";
			targets = (
				1A57D2CD2A90A1F300FF698F /* WatchHealthRL */,
				1A57D2D32A90A1F300FF698F /* WatchHealthRL Watch App */,
				1A57D2E52A90A1F400FF698F /* WatchHealthRL Watch AppTests */,
				1A57D2EF2A90A1F400FF698F /* WatchHealthRL Watch AppUITests */,
			);
		};
/* End PBXProject section */

/* Begin PBXResourcesBuildPhase section */
		1A57D2CC2A90A1F300FF698F /* Resources */ = {
			isa = PBXResourcesBuildPhase;
			buildActionMask = 2147483647;
			files = (
			);
			runOnlyForDeploymentPostprocessing = 0;
		};
		1A57D2D22A90A1F300FF698F /* Resources */ = {
			isa = PBXResourcesBuildPhase;
			buildActionMask = 2147483647;
			files = (
				1A57D2E12A90A1F400FF698F /* Preview Assets.xcassets in Resources */,
				1A57D2DE2A90A1F400FF698F /* Assets.xcassets in Resources */,
			);
			runOnlyForDeploymentPostprocessing = 0;
		};
		1A57D2E42A90A1F400FF698F /* Resources */ = {
			isa = PBXResourcesBuildPhase;
			buildActionMask = 2147483647;
			files = (
			);
			runOnlyForDeploymentPostprocessing = 0;
		};
		1A57D2EE2A90A1F400FF698F /* Resources */ = {
			isa = PBXResourcesBuildPhase;
			buildActionMask = 2147483647;
			files = (
			);
			runOnlyForDeploymentPostprocessing = 0;
		};
/* End PBXResourcesBuildPhase section */

/* Begin PBXSourcesBuildPhase section */
		1A57D2D02A90A1F300FF698F /* Sources */ = {
			isa = PBXSourcesBuildPhase;
			buildActionMask = 2147483647;
			files = (
				D798853E2AB13D3A0000881D /* SavedMoodManager.swift in Sources */,
				1A57D2DC2A90A1F300FF698F /* MainView.swift in Sources */,
				1A57D30A2A90A24500FF698F /* TrainModelView.swift in Sources */,
				D7C460702AA92F9C00561E68 /* bpmUpdate.swift in Sources */,
				1A57D3082A90A22600FF698F /* MoodUpdateView.swift in Sources */,
				1A57D30C2A90A26400FF698F /* MoodUpdate.swift in Sources */,
				D79885402AB13D540000881D /* DataManager.swift in Sources */,
				1A57D2DA2A90A1F300FF698F /* WatchHealthRLApp.swift in Sources */,
				D79885422AB13D620000881D /* InferenceManager.swift in Sources */,
			);
			runOnlyForDeploymentPostprocessing = 0;
		};
		1A57D2E22A90A1F400FF698F /* Sources */ = {
			isa = PBXSourcesBuildPhase;
			buildActionMask = 2147483647;
			files = (
				1A57D2EB2A90A1F400FF698F /* WatchHealthRL_Watch_AppTests.swift in Sources */,
			);
			runOnlyForDeploymentPostprocessing = 0;
		};
		1A57D2EC2A90A1F400FF698F /* Sources */ = {
			isa = PBXSourcesBuildPhase;
			buildActionMask = 2147483647;
			files = (
				1A57D2F72A90A1F400FF698F /* WatchHealthRL_Watch_AppUITestsLaunchTests.swift in Sources */,
				1A57D2F52A90A1F400FF698F /* WatchHealthRL_Watch_AppUITests.swift in Sources */,
			);
			runOnlyForDeploymentPostprocessing = 0;
		};
/* End PBXSourcesBuildPhase section */

/* Begin PBXTargetDependency section */
		1A57D2D72A90A1F300FF698F /* PBXTargetDependency */ = {
			isa = PBXTargetDependency;
			target = 1A57D2D32A90A1F300FF698F /* WatchHealthRL Watch App */;
			targetProxy = 1A57D2D62A90A1F300FF698F /* PBXContainerItemProxy */;
		};
		1A57D2E82A90A1F400FF698F /* PBXTargetDependency */ = {
			isa = PBXTargetDependency;
			target = 1A57D2D32A90A1F300FF698F /* WatchHealthRL Watch App */;
			targetProxy = 1A57D2E72A90A1F400FF698F /* PBXContainerItemProxy */;
		};
		1A57D2F22A90A1F400FF698F /* PBXTargetDependency */ = {
			isa = PBXTargetDependency;
			target = 1A57D2D32A90A1F300FF698F /* WatchHealthRL Watch App */;
			targetProxy = 1A57D2F12A90A1F400FF698F /* PBXContainerItemProxy */;
		};
/* End PBXTargetDependency section */

/* Begin XCBuildConfiguration section */
		1A57D2F82A90A1F400FF698F /* Debug */ = {
			isa = XCBuildConfiguration;
			buildSettings = {
				ALWAYS_SEARCH_USER_PATHS = NO;
				CLANG_ANALYZER_NONNULL = YES;
				CLANG_ANALYZER_NUMBER_OBJECT_CONVERSION = YES_AGGRESSIVE;
				CLANG_CXX_LANGUAGE_STANDARD = "gnu++20";
				CLANG_ENABLE_MODULES = YES;
				CLANG_ENABLE_OBJC_ARC = YES;
				CLANG_ENABLE_OBJC_WEAK = YES;
				CLANG_WARN_BLOCK_CAPTURE_AUTORELEASING = YES;
				CLANG_WARN_BOOL_CONVERSION = YES;
				CLANG_WARN_COMMA = YES;
				CLANG_WARN_CONSTANT_CONVERSION = YES;
				CLANG_WARN_DEPRECATED_OBJC_IMPLEMENTATIONS = YES;
				CLANG_WARN_DIRECT_OBJC_ISA_USAGE = YES_ERROR;
				CLANG_WARN_DOCUMENTATION_COMMENTS = YES;
				CLANG_WARN_EMPTY_BODY = YES;
				CLANG_WARN_ENUM_CONVERSION = YES;
				CLANG_WARN_INFINITE_RECURSION = YES;
				CLANG_WARN_INT_CONVERSION = YES;
				CLANG_WARN_NON_LITERAL_NULL_CONVERSION = YES;
				CLANG_WARN_OBJC_IMPLICIT_RETAIN_SELF = YES;
				CLANG_WARN_OBJC_LITERAL_CONVERSION = YES;
				CLANG_WARN_OBJC_ROOT_CLASS = YES_ERROR;
				CLANG_WARN_QUOTED_INCLUDE_IN_FRAMEWORK_HEADER = YES;
				CLANG_WARN_RANGE_LOOP_ANALYSIS = YES;
				CLANG_WARN_STRICT_PROTOTYPES = YES;
				CLANG_WARN_SUSPICIOUS_MOVE = YES;
				CLANG_WARN_UNGUARDED_AVAILABILITY = YES_AGGRESSIVE;
				CLANG_WARN_UNREACHABLE_CODE = YES;
				CLANG_WARN__DUPLICATE_METHOD_MATCH = YES;
				COPY_PHASE_STRIP = NO;
				DEBUG_INFORMATION_FORMAT = dwarf;
				ENABLE_STRICT_OBJC_MSGSEND = YES;
				ENABLE_TESTABILITY = YES;
				GCC_C_LANGUAGE_STANDARD = gnu11;
				GCC_DYNAMIC_NO_PIC = NO;
				GCC_NO_COMMON_BLOCKS = YES;
				GCC_OPTIMIZATION_LEVEL = 0;
				GCC_PREPROCESSOR_DEFINITIONS = (
					"DEBUG=1",
					"$(inherited)",
				);
				GCC_WARN_64_TO_32_BIT_CONVERSION = YES;
				GCC_WARN_ABOUT_RETURN_TYPE = YES_ERROR;
				GCC_WARN_UNDECLARED_SELECTOR = YES;
				GCC_WARN_UNINITIALIZED_AUTOS = YES_AGGRESSIVE;
				GCC_WARN_UNUSED_FUNCTION = YES;
				GCC_WARN_UNUSED_VARIABLE = YES;
				MTL_ENABLE_DEBUG_INFO = INCLUDE_SOURCE;
				MTL_FAST_MATH = YES;
				ONLY_ACTIVE_ARCH = YES;
				SWIFT_ACTIVE_COMPILATION_CONDITIONS = DEBUG;
				SWIFT_OPTIMIZATION_LEVEL = "-Onone";
			};
			name = Debug;
		};
		1A57D2F92A90A1F400FF698F /* Release */ = {
			isa = XCBuildConfiguration;
			buildSettings = {
				ALWAYS_SEARCH_USER_PATHS = NO;
				CLANG_ANALYZER_NONNULL = YES;
				CLANG_ANALYZER_NUMBER_OBJECT_CONVERSION = YES_AGGRESSIVE;
				CLANG_CXX_LANGUAGE_STANDARD = "gnu++20";
				CLANG_ENABLE_MODULES = YES;
				CLANG_ENABLE_OBJC_ARC = YES;
				CLANG_ENABLE_OBJC_WEAK = YES;
				CLANG_WARN_BLOCK_CAPTURE_AUTORELEASING = YES;
				CLANG_WARN_BOOL_CONVERSION = YES;
				CLANG_WARN_COMMA = YES;
				CLANG_WARN_CONSTANT_CONVERSION = YES;
				CLANG_WARN_DEPRECATED_OBJC_IMPLEMENTATIONS = YES;
				CLANG_WARN_DIRECT_OBJC_ISA_USAGE = YES_ERROR;
				CLANG_WARN_DOCUMENTATION_COMMENTS = YES;
				CLANG_WARN_EMPTY_BODY = YES;
				CLANG_WARN_ENUM_CONVERSION = YES;
				CLANG_WARN_INFINITE_RECURSION = YES;
				CLANG_WARN_INT_CONVERSION = YES;
				CLANG_WARN_NON_LITERAL_NULL_CONVERSION = YES;
				CLANG_WARN_OBJC_IMPLICIT_RETAIN_SELF = YES;
				CLANG_WARN_OBJC_LITERAL_CONVERSION = YES;
				CLANG_WARN_OBJC_ROOT_CLASS = YES_ERROR;
				CLANG_WARN_QUOTED_INCLUDE_IN_FRAMEWORK_HEADER = YES;
				CLANG_WARN_RANGE_LOOP_ANALYSIS = YES;
				CLANG_WARN_STRICT_PROTOTYPES = YES;
				CLANG_WARN_SUSPICIOUS_MOVE = YES;
				CLANG_WARN_UNGUARDED_AVAILABILITY = YES_AGGRESSIVE;
				CLANG_WARN_UNREACHABLE_CODE = YES;
				CLANG_WARN__DUPLICATE_METHOD_MATCH = YES;
				COPY_PHASE_STRIP = NO;
				DEBUG_INFORMATION_FORMAT = "dwarf-with-dsym";
				ENABLE_NS_ASSERTIONS = NO;
				ENABLE_STRICT_OBJC_MSGSEND = YES;
				GCC_C_LANGUAGE_STANDARD = gnu11;
				GCC_NO_COMMON_BLOCKS = YES;
				GCC_WARN_64_TO_32_BIT_CONVERSION = YES;
				GCC_WARN_ABOUT_RETURN_TYPE = YES_ERROR;
				GCC_WARN_UNDECLARED_SELECTOR = YES;
				GCC_WARN_UNINITIALIZED_AUTOS = YES_AGGRESSIVE;
				GCC_WARN_UNUSED_FUNCTION = YES;
				GCC_WARN_UNUSED_VARIABLE = YES;
				MTL_ENABLE_DEBUG_INFO = NO;
				MTL_FAST_MATH = YES;
				SWIFT_COMPILATION_MODE = wholemodule;
				SWIFT_OPTIMIZATION_LEVEL = "-O";
			};
			name = Release;
		};
		1A57D2FB2A90A1F400FF698F /* Debug */ = {
			isa = XCBuildConfiguration;
			buildSettings = {
				ASSETCATALOG_COMPILER_APPICON_NAME = AppIcon;
				ASSETCATALOG_COMPILER_GLOBAL_ACCENT_COLOR_NAME = AccentColor;
				CODE_SIGN_ENTITLEMENTS = "WatchHealthRL Watch App/WatchHealthRL Watch App.entitlements";
				CODE_SIGN_STYLE = Automatic;
				CURRENT_PROJECT_VERSION = 1;
				DEVELOPMENT_ASSET_PATHS = "\"WatchHealthRL Watch App/Preview Content\"";
				DEVELOPMENT_TEAM = 63YYHDZ766;
				ENABLE_PREVIEWS = YES;
				GENERATE_INFOPLIST_FILE = YES;
				INFOPLIST_FILE = "WatchHealthRL-Watch-App-Info.plist";
				INFOPLIST_KEY_CFBundleDisplayName = WatchHealthRL;
				INFOPLIST_KEY_UISupportedInterfaceOrientations = "UIInterfaceOrientationPortrait UIInterfaceOrientationPortraitUpsideDown";
				INFOPLIST_KEY_WKWatchOnly = YES;
				LD_RUNPATH_SEARCH_PATHS = (
					"$(inherited)",
					"@executable_path/Frameworks",
				);
				MARKETING_VERSION = 1.0;
				PRODUCT_BUNDLE_IDENTIFIER = health.WatchHealthRL.watchkitapp;
				PRODUCT_NAME = "$(TARGET_NAME)";
				SDKROOT = watchos;
				SKIP_INSTALL = YES;
				SWIFT_EMIT_LOC_STRINGS = YES;
				SWIFT_VERSION = 5.0;
				TARGETED_DEVICE_FAMILY = 4;
				WATCHOS_DEPLOYMENT_TARGET = 9.4;
			};
			name = Debug;
		};
		1A57D2FC2A90A1F400FF698F /* Release */ = {
			isa = XCBuildConfiguration;
			buildSettings = {
				ASSETCATALOG_COMPILER_APPICON_NAME = AppIcon;
				ASSETCATALOG_COMPILER_GLOBAL_ACCENT_COLOR_NAME = AccentColor;
				CODE_SIGN_ENTITLEMENTS = "WatchHealthRL Watch App/WatchHealthRL Watch App.entitlements";
				CODE_SIGN_STYLE = Automatic;
				CURRENT_PROJECT_VERSION = 1;
				DEVELOPMENT_ASSET_PATHS = "\"WatchHealthRL Watch App/Preview Content\"";
				DEVELOPMENT_TEAM = 63YYHDZ766;
				ENABLE_PREVIEWS = YES;
				GENERATE_INFOPLIST_FILE = YES;
				INFOPLIST_FILE = "WatchHealthRL-Watch-App-Info.plist";
				INFOPLIST_KEY_CFBundleDisplayName = WatchHealthRL;
				INFOPLIST_KEY_UISupportedInterfaceOrientations = "UIInterfaceOrientationPortrait UIInterfaceOrientationPortraitUpsideDown";
				INFOPLIST_KEY_WKWatchOnly = YES;
				LD_RUNPATH_SEARCH_PATHS = (
					"$(inherited)",
					"@executable_path/Frameworks",
				);
				MARKETING_VERSION = 1.0;
				PRODUCT_BUNDLE_IDENTIFIER = health.WatchHealthRL.watchkitapp;
				PRODUCT_NAME = "$(TARGET_NAME)";
				SDKROOT = watchos;
				SKIP_INSTALL = YES;
				SWIFT_EMIT_LOC_STRINGS = YES;
				SWIFT_VERSION = 5.0;
				TARGETED_DEVICE_FAMILY = 4;
				VALIDATE_PRODUCT = YES;
				WATCHOS_DEPLOYMENT_TARGET = 9.4;
			};
			name = Release;
		};
		1A57D2FF2A90A1F400FF698F /* Debug */ = {
			isa = XCBuildConfiguration;
			buildSettings = {
				ALWAYS_EMBED_SWIFT_STANDARD_LIBRARIES = YES;
				CODE_SIGN_STYLE = Automatic;
				CURRENT_PROJECT_VERSION = 1;
				DEVELOPMENT_TEAM = 63YYHDZ766;
				INFOPLIST_KEY_CFBundleDisplayName = WatchHealthRL;
				MARKETING_VERSION = 1.0;
				PRODUCT_BUNDLE_IDENTIFIER = health.WatchHealthRL;
				PRODUCT_NAME = "$(TARGET_NAME)";
				SDKROOT = iphoneos;
				SWIFT_VERSION = 5.0;
			};
			name = Debug;
		};
		1A57D3002A90A1F400FF698F /* Release */ = {
			isa = XCBuildConfiguration;
			buildSettings = {
				ALWAYS_EMBED_SWIFT_STANDARD_LIBRARIES = YES;
				CODE_SIGN_STYLE = Automatic;
				CURRENT_PROJECT_VERSION = 1;
				DEVELOPMENT_TEAM = 63YYHDZ766;
				INFOPLIST_KEY_CFBundleDisplayName = WatchHealthRL;
				MARKETING_VERSION = 1.0;
				PRODUCT_BUNDLE_IDENTIFIER = health.WatchHealthRL;
				PRODUCT_NAME = "$(TARGET_NAME)";
				SDKROOT = iphoneos;
				SWIFT_VERSION = 5.0;
				VALIDATE_PRODUCT = YES;
			};
			name = Release;
		};
		1A57D3022A90A1F400FF698F /* Debug */ = {
			isa = XCBuildConfiguration;
			buildSettings = {
				ALWAYS_EMBED_SWIFT_STANDARD_LIBRARIES = YES;
				BUNDLE_LOADER = "$(TEST_HOST)";
				CODE_SIGN_STYLE = Automatic;
				CURRENT_PROJECT_VERSION = 1;
				DEVELOPMENT_TEAM = 63YYHDZ766;
				GENERATE_INFOPLIST_FILE = YES;
				MARKETING_VERSION = 1.0;
				PRODUCT_BUNDLE_IDENTIFIER = "health.WatchHealthRL-Watch-AppTests";
				PRODUCT_NAME = "$(TARGET_NAME)";
				SDKROOT = watchos;
				SWIFT_EMIT_LOC_STRINGS = NO;
				SWIFT_VERSION = 5.0;
				TARGETED_DEVICE_FAMILY = 4;
				TEST_HOST = "$(BUILT_PRODUCTS_DIR)/WatchHealthRL Watch App.app/$(BUNDLE_EXECUTABLE_FOLDER_PATH)/WatchHealthRL Watch App";
				WATCHOS_DEPLOYMENT_TARGET = 9.4;
			};
			name = Debug;
		};
		1A57D3032A90A1F400FF698F /* Release */ = {
			isa = XCBuildConfiguration;
			buildSettings = {
				ALWAYS_EMBED_SWIFT_STANDARD_LIBRARIES = YES;
				BUNDLE_LOADER = "$(TEST_HOST)";
				CODE_SIGN_STYLE = Automatic;
				CURRENT_PROJECT_VERSION = 1;
				DEVELOPMENT_TEAM = 63YYHDZ766;
				GENERATE_INFOPLIST_FILE = YES;
				MARKETING_VERSION = 1.0;
				PRODUCT_BUNDLE_IDENTIFIER = "health.WatchHealthRL-Watch-AppTests";
				PRODUCT_NAME = "$(TARGET_NAME)";
				SDKROOT = watchos;
				SWIFT_EMIT_LOC_STRINGS = NO;
				SWIFT_VERSION = 5.0;
				TARGETED_DEVICE_FAMILY = 4;
				TEST_HOST = "$(BUILT_PRODUCTS_DIR)/WatchHealthRL Watch App.app/$(BUNDLE_EXECUTABLE_FOLDER_PATH)/WatchHealthRL Watch App";
				VALIDATE_PRODUCT = YES;
				WATCHOS_DEPLOYMENT_TARGET = 9.4;
			};
			name = Release;
		};
		1A57D3052A90A1F400FF698F /* Debug */ = {
			isa = XCBuildConfiguration;
			buildSettings = {
				ALWAYS_EMBED_SWIFT_STANDARD_LIBRARIES = YES;
				CODE_SIGN_STYLE = Automatic;
				CURRENT_PROJECT_VERSION = 1;
				DEVELOPMENT_TEAM = 63YYHDZ766;
				GENERATE_INFOPLIST_FILE = YES;
				MARKETING_VERSION = 1.0;
				PRODUCT_BUNDLE_IDENTIFIER = "health.WatchHealthRL-Watch-AppUITests";
				PRODUCT_NAME = "$(TARGET_NAME)";
				SDKROOT = watchos;
				SWIFT_EMIT_LOC_STRINGS = NO;
				SWIFT_VERSION = 5.0;
				TARGETED_DEVICE_FAMILY = 4;
				TEST_TARGET_NAME = "WatchHealthRL Watch App";
				WATCHOS_DEPLOYMENT_TARGET = 9.4;
			};
			name = Debug;
		};
		1A57D3062A90A1F400FF698F /* Release */ = {
			isa = XCBuildConfiguration;
			buildSettings = {
				ALWAYS_EMBED_SWIFT_STANDARD_LIBRARIES = YES;
				CODE_SIGN_STYLE = Automatic;
				CURRENT_PROJECT_VERSION = 1;
				DEVELOPMENT_TEAM = 63YYHDZ766;
				GENERATE_INFOPLIST_FILE = YES;
				MARKETING_VERSION = 1.0;
				PRODUCT_BUNDLE_IDENTIFIER = "health.WatchHealthRL-Watch-AppUITests";
				PRODUCT_NAME = "$(TARGET_NAME)";
				SDKROOT = watchos;
				SWIFT_EMIT_LOC_STRINGS = NO;
				SWIFT_VERSION = 5.0;
				TARGETED_DEVICE_FAMILY = 4;
				TEST_TARGET_NAME = "WatchHealthRL Watch App";
				VALIDATE_PRODUCT = YES;
				WATCHOS_DEPLOYMENT_TARGET = 9.4;
			};
			name = Release;
		};
/* End XCBuildConfiguration section */

/* Begin XCConfigurationList section */
		1A57D2CB2A90A1F300FF698F /* Build configuration list for PBXProject "WatchHealthRL" */ = {
			isa = XCConfigurationList;
			buildConfigurations = (
				1A57D2F82A90A1F400FF698F /* Debug */,
				1A57D2F92A90A1F400FF698F /* Release */,
			);
			defaultConfigurationIsVisible = 0;
			defaultConfigurationName = Release;
		};
		1A57D2FA2A90A1F400FF698F /* Build configuration list for PBXNativeTarget "WatchHealthRL Watch App" */ = {
			isa = XCConfigurationList;
			buildConfigurations = (
				1A57D2FB2A90A1F400FF698F /* Debug */,
				1A57D2FC2A90A1F400FF698F /* Release */,
			);
			defaultConfigurationIsVisible = 0;
			defaultConfigurationName = Release;
		};
		1A57D2FE2A90A1F400FF698F /* Build configuration list for PBXNativeTarget "WatchHealthRL" */ = {
			isa = XCConfigurationList;
			buildConfigurations = (
				1A57D2FF2A90A1F400FF698F /* Debug */,
				1A57D3002A90A1F400FF698F /* Release */,
			);
			defaultConfigurationIsVisible = 0;
			defaultConfigurationName = Release;
		};
		1A57D3012A90A1F400FF698F /* Build configuration list for PBXNativeTarget "WatchHealthRL Watch AppTests" */ = {
			isa = XCConfigurationList;
			buildConfigurations = (
				1A57D3022A90A1F400FF698F /* Debug */,
				1A57D3032A90A1F400FF698F /* Release */,
			);
			defaultConfigurationIsVisible = 0;
			defaultConfigurationName = Release;
		};
		1A57D3042A90A1F400FF698F /* Build configuration list for PBXNativeTarget "WatchHealthRL Watch AppUITests" */ = {
			isa = XCConfigurationList;
			buildConfigurations = (
				1A57D3052A90A1F400FF698F /* Debug */,
				1A57D3062A90A1F400FF698F /* Release */,
			);
			defaultConfigurationIsVisible = 0;
			defaultConfigurationName = Release;
		};
/* End XCConfigurationList section */

/* Begin XCRemoteSwiftPackageReference section */
		1ACBB12D2A917C4C00E4F534 /* XCRemoteSwiftPackageReference "realm-swift" */ = {
			isa = XCRemoteSwiftPackageReference;
			repositoryURL = "https://github.com/realm/realm-swift.git";
			requirement = {
				kind = upToNextMajorVersion;
				minimumVersion = 10.42.0;
			};
		};
		D79885432AB15DA80000881D /* XCRemoteSwiftPackageReference "swift-algorithms" */ = {
			isa = XCRemoteSwiftPackageReference;
			repositoryURL = "https://github.com/apple/swift-algorithms.git";
			requirement = {
				kind = upToNextMajorVersion;
				minimumVersion = 1.0.0;
			};
		};
		D79B53DC2AB1272200BDDF2A /* XCRemoteSwiftPackageReference "SigmaSwiftStatistics" */ = {
			isa = XCRemoteSwiftPackageReference;
			repositoryURL = "https://github.com/evgenyneu/SigmaSwiftStatistics.git";
			requirement = {
				kind = upToNextMajorVersion;
				minimumVersion = 9.0.0;
			};
		};
/* End XCRemoteSwiftPackageReference section */

/* Begin XCSwiftPackageProductDependency section */
		1ACBB12E2A917C4C00E4F534 /* Realm */ = {
			isa = XCSwiftPackageProductDependency;
			package = 1ACBB12D2A917C4C00E4F534 /* XCRemoteSwiftPackageReference "realm-swift" */;
			productName = Realm;
		};
		1ACBB1302A917C4C00E4F534 /* RealmSwift */ = {
			isa = XCSwiftPackageProductDependency;
			package = 1ACBB12D2A917C4C00E4F534 /* XCRemoteSwiftPackageReference "realm-swift" */;
			productName = RealmSwift;
		};
		D79885442AB15DA80000881D /* Algorithms */ = {
			isa = XCSwiftPackageProductDependency;
			package = D79885432AB15DA80000881D /* XCRemoteSwiftPackageReference "swift-algorithms" */;
			productName = Algorithms;
		};
		D79B53DD2AB1272200BDDF2A /* SigmaSwiftStatistics */ = {
			isa = XCSwiftPackageProductDependency;
			package = D79B53DC2AB1272200BDDF2A /* XCRemoteSwiftPackageReference "SigmaSwiftStatistics" */;
			productName = SigmaSwiftStatistics;
		};
/* End XCSwiftPackageProductDependency section */
	};
	rootObject = 1A57D2C82A90A1F300FF698F /* Project object */;
}
